// !$*UTF8*$!
{
	archiveVersion = 1;
	classes = {
	};
	objectVersion = 51;
	objects = {

/* Begin PBXBuildFile section */
		05708FAD24D0C0B9007D452E /* GoogleService-Info.plist in Resources */ = {isa = PBXBuildFile; fileRef = 05708FAC24D0C0B9007D452E /* GoogleService-Info.plist */; };
		05C93771257ACEE10073C8E0 /* Report.swift in Sources */ = {isa = PBXBuildFile; fileRef = 05C93770257ACEE10073C8E0 /* Report.swift */; };
		05C93773257AD0380073C8E0 /* User.swift in Sources */ = {isa = PBXBuildFile; fileRef = 05C93772257AD0380073C8E0 /* User.swift */; };
		180DC53324D9F10800B0138F /* VoteStreetTableViewController.swift in Sources */ = {isa = PBXBuildFile; fileRef = 180DC53224D9F10800B0138F /* VoteStreetTableViewController.swift */; };
		180DC53524D9F23400B0138F /* StreetTableViewCell.swift in Sources */ = {isa = PBXBuildFile; fileRef = 180DC53424D9F23400B0138F /* StreetTableViewCell.swift */; };
		180DC53724D9F66900B0138F /* Street.swift in Sources */ = {isa = PBXBuildFile; fileRef = 180DC53624D9F66900B0138F /* Street.swift */; };
		18D231CB24CCEF9200344EAA /* AppDelegate.swift in Sources */ = {isa = PBXBuildFile; fileRef = 18D231CA24CCEF9200344EAA /* AppDelegate.swift */; };
		18D231CD24CCEF9200344EAA /* SceneDelegate.swift in Sources */ = {isa = PBXBuildFile; fileRef = 18D231CC24CCEF9200344EAA /* SceneDelegate.swift */; };
		18D231CF24CCEF9200344EAA /* ViewController.swift in Sources */ = {isa = PBXBuildFile; fileRef = 18D231CE24CCEF9200344EAA /* ViewController.swift */; };
		18D231D224CCEF9200344EAA /* Main.storyboard in Resources */ = {isa = PBXBuildFile; fileRef = 18D231D024CCEF9200344EAA /* Main.storyboard */; };
		18D231D424CCEF9400344EAA /* Assets.xcassets in Resources */ = {isa = PBXBuildFile; fileRef = 18D231D324CCEF9400344EAA /* Assets.xcassets */; };
		18D231D724CCEF9400344EAA /* LaunchScreen.storyboard in Resources */ = {isa = PBXBuildFile; fileRef = 18D231D524CCEF9400344EAA /* LaunchScreen.storyboard */; };
		18D4F70024D1F9E200874AC1 /* ReportViewController.swift in Sources */ = {isa = PBXBuildFile; fileRef = 18D4F6FF24D1F9E200874AC1 /* ReportViewController.swift */; };
		3E355B942549BB8D006E9317 /* MapViewController.swift in Sources */ = {isa = PBXBuildFile; fileRef = 3E355B932549BB8D006E9317 /* MapViewController.swift */; };
		AD7B69092A270970FA543EC3 /* Pods_beatstreet.framework in Frameworks */ = {isa = PBXBuildFile; fileRef = 1C744DE4246B4F9A58697C50 /* Pods_beatstreet.framework */; };
/* End PBXBuildFile section */

/* Begin PBXCopyFilesBuildPhase section */
		05C4340A257722680076DCE6 /* Embed Frameworks */ = {
			isa = PBXCopyFilesBuildPhase;
			buildActionMask = 2147483647;
			dstPath = "";
			dstSubfolderSpec = 10;
			files = (
			);
			name = "Embed Frameworks";
			runOnlyForDeploymentPostprocessing = 0;
		};
/* End PBXCopyFilesBuildPhase section */

/* Begin PBXFileReference section */
		05708FAC24D0C0B9007D452E /* GoogleService-Info.plist */ = {isa = PBXFileReference; fileEncoding = 4; lastKnownFileType = text.plist.xml; path = "GoogleService-Info.plist"; sourceTree = "<group>"; };
		05C93770257ACEE10073C8E0 /* Report.swift */ = {isa = PBXFileReference; lastKnownFileType = sourcecode.swift; path = Report.swift; sourceTree = "<group>"; };
		05C93772257AD0380073C8E0 /* User.swift */ = {isa = PBXFileReference; lastKnownFileType = sourcecode.swift; path = User.swift; sourceTree = "<group>"; };
		1229546A667ABE4B6FBBFD06 /* Pods-beatstreet.release.xcconfig */ = {isa = PBXFileReference; includeInIndex = 1; lastKnownFileType = text.xcconfig; name = "Pods-beatstreet.release.xcconfig"; path = "Target Support Files/Pods-beatstreet/Pods-beatstreet.release.xcconfig"; sourceTree = "<group>"; };
		180DC53224D9F10800B0138F /* VoteStreetTableViewController.swift */ = {isa = PBXFileReference; lastKnownFileType = sourcecode.swift; path = VoteStreetTableViewController.swift; sourceTree = "<group>"; };
		180DC53424D9F23400B0138F /* StreetTableViewCell.swift */ = {isa = PBXFileReference; lastKnownFileType = sourcecode.swift; path = StreetTableViewCell.swift; sourceTree = "<group>"; };
		180DC53624D9F66900B0138F /* Street.swift */ = {isa = PBXFileReference; lastKnownFileType = sourcecode.swift; path = Street.swift; sourceTree = "<group>"; };
		18D231C724CCEF9200344EAA /* beatstreet.app */ = {isa = PBXFileReference; explicitFileType = wrapper.application; includeInIndex = 0; path = beatstreet.app; sourceTree = BUILT_PRODUCTS_DIR; };
		18D231CA24CCEF9200344EAA /* AppDelegate.swift */ = {isa = PBXFileReference; lastKnownFileType = sourcecode.swift; path = AppDelegate.swift; sourceTree = "<group>"; };
		18D231CC24CCEF9200344EAA /* SceneDelegate.swift */ = {isa = PBXFileReference; lastKnownFileType = sourcecode.swift; path = SceneDelegate.swift; sourceTree = "<group>"; };
		18D231CE24CCEF9200344EAA /* ViewController.swift */ = {isa = PBXFileReference; lastKnownFileType = sourcecode.swift; path = ViewController.swift; sourceTree = "<group>"; };
		18D231D124CCEF9200344EAA /* Base */ = {isa = PBXFileReference; lastKnownFileType = file.storyboard; name = Base; path = Base.lproj/Main.storyboard; sourceTree = "<group>"; };
		18D231D324CCEF9400344EAA /* Assets.xcassets */ = {isa = PBXFileReference; lastKnownFileType = folder.assetcatalog; path = Assets.xcassets; sourceTree = "<group>"; };
		18D231D624CCEF9400344EAA /* Base */ = {isa = PBXFileReference; lastKnownFileType = file.storyboard; name = Base; path = Base.lproj/LaunchScreen.storyboard; sourceTree = "<group>"; };
		18D231D824CCEF9400344EAA /* Info.plist */ = {isa = PBXFileReference; lastKnownFileType = text.plist.xml; path = Info.plist; sourceTree = "<group>"; };
		18D4F6FF24D1F9E200874AC1 /* ReportViewController.swift */ = {isa = PBXFileReference; lastKnownFileType = sourcecode.swift; path = ReportViewController.swift; sourceTree = "<group>"; };
		1C744DE4246B4F9A58697C50 /* Pods_beatstreet.framework */ = {isa = PBXFileReference; explicitFileType = wrapper.framework; includeInIndex = 0; path = Pods_beatstreet.framework; sourceTree = BUILT_PRODUCTS_DIR; };
		3E355B932549BB8D006E9317 /* MapViewController.swift */ = {isa = PBXFileReference; lastKnownFileType = sourcecode.swift; path = MapViewController.swift; sourceTree = "<group>"; };
		E7330043DEF034FBB74CCCB0 /* Pods-beatstreet.debug.xcconfig */ = {isa = PBXFileReference; includeInIndex = 1; lastKnownFileType = text.xcconfig; name = "Pods-beatstreet.debug.xcconfig"; path = "Target Support Files/Pods-beatstreet/Pods-beatstreet.debug.xcconfig"; sourceTree = "<group>"; };
/* End PBXFileReference section */

/* Begin PBXFrameworksBuildPhase section */
		18D231C424CCEF9200344EAA /* Frameworks */ = {
			isa = PBXFrameworksBuildPhase;
			buildActionMask = 2147483647;
			files = (
				AD7B69092A270970FA543EC3 /* Pods_beatstreet.framework in Frameworks */,
			);
			runOnlyForDeploymentPostprocessing = 0;
		};
/* End PBXFrameworksBuildPhase section */

/* Begin PBXGroup section */
		05C9376F257ACECB0073C8E0 /* models */ = {
			isa = PBXGroup;
			children = (
				05C93770257ACEE10073C8E0 /* Report.swift */,
				05C93772257AD0380073C8E0 /* User.swift */,
			);
			path = models;
			sourceTree = "<group>";
		};
		18D231BE24CCEF9200344EAA = {
			isa = PBXGroup;
			children = (
				05C9376F257ACECB0073C8E0 /* models */,
				18D231C924CCEF9200344EAA /* beatstreet 1.0 */,
				18D231C824CCEF9200344EAA /* Products */,
				F760E9E821F8008BF30B7D10 /* Pods */,
				7EC4723EAFC5A289B5DA6E2A /* Frameworks */,
			);
			sourceTree = "<group>";
		};
		18D231C824CCEF9200344EAA /* Products */ = {
			isa = PBXGroup;
			children = (
				18D231C724CCEF9200344EAA /* beatstreet.app */,
			);
			name = Products;
			sourceTree = "<group>";
		};
		18D231C924CCEF9200344EAA /* beatstreet 1.0 */ = {
			isa = PBXGroup;
			children = (
				18D231CA24CCEF9200344EAA /* AppDelegate.swift */,
				18D231CC24CCEF9200344EAA /* SceneDelegate.swift */,
				18D231CE24CCEF9200344EAA /* ViewController.swift */,
				18D231D024CCEF9200344EAA /* Main.storyboard */,
				180DC53224D9F10800B0138F /* VoteStreetTableViewController.swift */,
				3E355B932549BB8D006E9317 /* MapViewController.swift */,
				180DC53624D9F66900B0138F /* Street.swift */,
				180DC53424D9F23400B0138F /* StreetTableViewCell.swift */,
				18D4F6FF24D1F9E200874AC1 /* ReportViewController.swift */,
				18D231D324CCEF9400344EAA /* Assets.xcassets */,
				18D231D524CCEF9400344EAA /* LaunchScreen.storyboard */,
				05708FAC24D0C0B9007D452E /* GoogleService-Info.plist */,
				18D231D824CCEF9400344EAA /* Info.plist */,
			);
			path = "beatstreet 1.0";
			sourceTree = "<group>";
		};
		7EC4723EAFC5A289B5DA6E2A /* Frameworks */ = {
			isa = PBXGroup;
			children = (
				1C744DE4246B4F9A58697C50 /* Pods_beatstreet.framework */,
			);
			name = Frameworks;
			sourceTree = "<group>";
		};
		F760E9E821F8008BF30B7D10 /* Pods */ = {
			isa = PBXGroup;
			children = (
				E7330043DEF034FBB74CCCB0 /* Pods-beatstreet.debug.xcconfig */,
				1229546A667ABE4B6FBBFD06 /* Pods-beatstreet.release.xcconfig */,
			);
			path = Pods;
			sourceTree = "<group>";
		};
/* End PBXGroup section */

/* Begin PBXNativeTarget section */
		18D231C624CCEF9200344EAA /* beatstreet */ = {
			isa = PBXNativeTarget;
			buildConfigurationList = 18D231F124CCEF9400344EAA /* Build configuration list for PBXNativeTarget "beatstreet" */;
			buildPhases = (
				C66E0EC3C2A9D9D6E7D562CF /* [CP] Check Pods Manifest.lock */,
				18D231C324CCEF9200344EAA /* Sources */,
				18D231C424CCEF9200344EAA /* Frameworks */,
				18D231C524CCEF9200344EAA /* Resources */,
				39B32B0B1D321A529BF830D4 /* [CP] Embed Pods Frameworks */,
				05C4340A257722680076DCE6 /* Embed Frameworks */,
			);
			buildRules = (
			);
			dependencies = (
			);
			name = beatstreet;
			productName = "Beat Road 1.0";
			productReference = 18D231C724CCEF9200344EAA /* beatstreet.app */;
			productType = "com.apple.product-type.application";
		};
/* End PBXNativeTarget section */

/* Begin PBXProject section */
		18D231BF24CCEF9200344EAA /* Project object */ = {
			isa = PBXProject;
			attributes = {
				LastSwiftUpdateCheck = 1130;
				LastUpgradeCheck = 1220;
				ORGANIZATIONNAME = "Saleh Abuali";
				TargetAttributes = {
					18D231C624CCEF9200344EAA = {
						CreatedOnToolsVersion = 11.3.1;
					};
				};
			};
			buildConfigurationList = 18D231C224CCEF9200344EAA /* Build configuration list for PBXProject "beatstreet" */;
			compatibilityVersion = "Xcode 9.3";
			developmentRegion = en;
			hasScannedForEncodings = 0;
			knownRegions = (
				en,
				Base,
			);
			mainGroup = 18D231BE24CCEF9200344EAA;
			productRefGroup = 18D231C824CCEF9200344EAA /* Products */;
			projectDirPath = "";
			projectRoot = "";
			targets = (
				18D231C624CCEF9200344EAA /* beatstreet */,
			);
		};
/* End PBXProject section */

/* Begin PBXResourcesBuildPhase section */
		18D231C524CCEF9200344EAA /* Resources */ = {
			isa = PBXResourcesBuildPhase;
			buildActionMask = 2147483647;
			files = (
				18D231D724CCEF9400344EAA /* LaunchScreen.storyboard in Resources */,
				05708FAD24D0C0B9007D452E /* GoogleService-Info.plist in Resources */,
				18D231D424CCEF9400344EAA /* Assets.xcassets in Resources */,
				18D231D224CCEF9200344EAA /* Main.storyboard in Resources */,
			);
			runOnlyForDeploymentPostprocessing = 0;
		};
/* End PBXResourcesBuildPhase section */

/* Begin PBXShellScriptBuildPhase section */
		39B32B0B1D321A529BF830D4 /* [CP] Embed Pods Frameworks */ = {
			isa = PBXShellScriptBuildPhase;
			buildActionMask = 2147483647;
			files = (
			);
			inputFileListPaths = (
				"${PODS_ROOT}/Target Support Files/Pods-beatstreet/Pods-beatstreet-frameworks-${CONFIGURATION}-input-files.xcfilelist",
			);
			name = "[CP] Embed Pods Frameworks";
			outputFileListPaths = (
				"${PODS_ROOT}/Target Support Files/Pods-beatstreet/Pods-beatstreet-frameworks-${CONFIGURATION}-output-files.xcfilelist",
			);
			runOnlyForDeploymentPostprocessing = 0;
			shellPath = /bin/sh;
			shellScript = "\"${PODS_ROOT}/Target Support Files/Pods-beatstreet/Pods-beatstreet-frameworks.sh\"\n";
			showEnvVarsInLog = 0;
		};
		C66E0EC3C2A9D9D6E7D562CF /* [CP] Check Pods Manifest.lock */ = {
			isa = PBXShellScriptBuildPhase;
			buildActionMask = 2147483647;
			files = (
			);
			inputFileListPaths = (
			);
			inputPaths = (
				"${PODS_PODFILE_DIR_PATH}/Podfile.lock",
				"${PODS_ROOT}/Manifest.lock",
			);
			name = "[CP] Check Pods Manifest.lock";
			outputFileListPaths = (
			);
			outputPaths = (
				"$(DERIVED_FILE_DIR)/Pods-beatstreet-checkManifestLockResult.txt",
			);
			runOnlyForDeploymentPostprocessing = 0;
			shellPath = /bin/sh;
			shellScript = "diff \"${PODS_PODFILE_DIR_PATH}/Podfile.lock\" \"${PODS_ROOT}/Manifest.lock\" > /dev/null\nif [ $? != 0 ] ; then\n    # print error to STDERR\n    echo \"error: The sandbox is not in sync with the Podfile.lock. Run 'pod install' or update your CocoaPods installation.\" >&2\n    exit 1\nfi\n# This output is used by Xcode 'outputs' to avoid re-running this script phase.\necho \"SUCCESS\" > \"${SCRIPT_OUTPUT_FILE_0}\"\n";
			showEnvVarsInLog = 0;
		};
/* End PBXShellScriptBuildPhase section */

/* Begin PBXSourcesBuildPhase section */
		18D231C324CCEF9200344EAA /* Sources */ = {
			isa = PBXSourcesBuildPhase;
			buildActionMask = 2147483647;
			files = (
				18D4F70024D1F9E200874AC1 /* ReportViewController.swift in Sources */,
				18D231CF24CCEF9200344EAA /* ViewController.swift in Sources */,
				180DC53524D9F23400B0138F /* StreetTableViewCell.swift in Sources */,
				180DC53324D9F10800B0138F /* VoteStreetTableViewController.swift in Sources */,
				18D231CB24CCEF9200344EAA /* AppDelegate.swift in Sources */,
				05C93771257ACEE10073C8E0 /* Report.swift in Sources */,
				18D231CD24CCEF9200344EAA /* SceneDelegate.swift in Sources */,
				180DC53724D9F66900B0138F /* Street.swift in Sources */,
				05C93773257AD0380073C8E0 /* User.swift in Sources */,
				3E355B942549BB8D006E9317 /* MapViewController.swift in Sources */,
			);
			runOnlyForDeploymentPostprocessing = 0;
		};
/* End PBXSourcesBuildPhase section */

/* Begin PBXVariantGroup section */
		18D231D024CCEF9200344EAA /* Main.storyboard */ = {
			isa = PBXVariantGroup;
			children = (
				18D231D124CCEF9200344EAA /* Base */,
			);
			name = Main.storyboard;
			sourceTree = "<group>";
		};
		18D231D524CCEF9400344EAA /* LaunchScreen.storyboard */ = {
			isa = PBXVariantGroup;
			children = (
				18D231D624CCEF9400344EAA /* Base */,
			);
			name = LaunchScreen.storyboard;
			sourceTree = "<group>";
		};
/* End PBXVariantGroup section */

/* Begin XCBuildConfiguration section */
		18D231EF24CCEF9400344EAA /* Debug */ = {
			isa = XCBuildConfiguration;
			buildSettings = {
				ALWAYS_SEARCH_USER_PATHS = NO;
				CLANG_ANALYZER_NONNULL = YES;
				CLANG_ANALYZER_NUMBER_OBJECT_CONVERSION = YES_AGGRESSIVE;
				CLANG_CXX_LANGUAGE_STANDARD = "gnu++14";
				CLANG_CXX_LIBRARY = "libc++";
				CLANG_ENABLE_MODULES = YES;
				CLANG_ENABLE_OBJC_ARC = YES;
				CLANG_ENABLE_OBJC_WEAK = YES;
				CLANG_WARN_BLOCK_CAPTURE_AUTORELEASING = YES;
				CLANG_WARN_BOOL_CONVERSION = YES;
				CLANG_WARN_COMMA = YES;
				CLANG_WARN_CONSTANT_CONVERSION = YES;
				CLANG_WARN_DEPRECATED_OBJC_IMPLEMENTATIONS = YES;
				CLANG_WARN_DIRECT_OBJC_ISA_USAGE = YES_ERROR;
				CLANG_WARN_DOCUMENTATION_COMMENTS = YES;
				CLANG_WARN_EMPTY_BODY = YES;
				CLANG_WARN_ENUM_CONVERSION = YES;
				CLANG_WARN_INFINITE_RECURSION = YES;
				CLANG_WARN_INT_CONVERSION = YES;
				CLANG_WARN_NON_LITERAL_NULL_CONVERSION = YES;
				CLANG_WARN_OBJC_IMPLICIT_RETAIN_SELF = YES;
				CLANG_WARN_OBJC_LITERAL_CONVERSION = YES;
				CLANG_WARN_OBJC_ROOT_CLASS = YES_ERROR;
				CLANG_WARN_QUOTED_INCLUDE_IN_FRAMEWORK_HEADER = YES;
				CLANG_WARN_RANGE_LOOP_ANALYSIS = YES;
				CLANG_WARN_STRICT_PROTOTYPES = YES;
				CLANG_WARN_SUSPICIOUS_MOVE = YES;
				CLANG_WARN_UNGUARDED_AVAILABILITY = YES_AGGRESSIVE;
				CLANG_WARN_UNREACHABLE_CODE = YES;
				CLANG_WARN__DUPLICATE_METHOD_MATCH = YES;
				COPY_PHASE_STRIP = NO;
				DEBUG_INFORMATION_FORMAT = dwarf;
				ENABLE_STRICT_OBJC_MSGSEND = YES;
				ENABLE_TESTABILITY = YES;
				GCC_C_LANGUAGE_STANDARD = gnu11;
				GCC_DYNAMIC_NO_PIC = NO;
				GCC_NO_COMMON_BLOCKS = YES;
				GCC_OPTIMIZATION_LEVEL = 0;
				GCC_PREPROCESSOR_DEFINITIONS = (
					"DEBUG=1",
					"$(inherited)",
				);
				GCC_WARN_64_TO_32_BIT_CONVERSION = YES;
				GCC_WARN_ABOUT_RETURN_TYPE = YES_ERROR;
				GCC_WARN_UNDECLARED_SELECTOR = YES;
				GCC_WARN_UNINITIALIZED_AUTOS = YES_AGGRESSIVE;
				GCC_WARN_UNUSED_FUNCTION = YES;
				GCC_WARN_UNUSED_VARIABLE = YES;
				IPHONEOS_DEPLOYMENT_TARGET = 13.2;
				MTL_ENABLE_DEBUG_INFO = INCLUDE_SOURCE;
				MTL_FAST_MATH = YES;
				ONLY_ACTIVE_ARCH = YES;
				SDKROOT = iphoneos;
				SWIFT_ACTIVE_COMPILATION_CONDITIONS = DEBUG;
				SWIFT_OPTIMIZATION_LEVEL = "-Onone";
			};
			name = Debug;
		};
		18D231F024CCEF9400344EAA /* Release */ = {
			isa = XCBuildConfiguration;
			buildSettings = {
				ALWAYS_SEARCH_USER_PATHS = NO;
				CLANG_ANALYZER_NONNULL = YES;
				CLANG_ANALYZER_NUMBER_OBJECT_CONVERSION = YES_AGGRESSIVE;
				CLANG_CXX_LANGUAGE_STANDARD = "gnu++14";
				CLANG_CXX_LIBRARY = "libc++";
				CLANG_ENABLE_MODULES = YES;
				CLANG_ENABLE_OBJC_ARC = YES;
				CLANG_ENABLE_OBJC_WEAK = YES;
				CLANG_WARN_BLOCK_CAPTURE_AUTORELEASING = YES;
				CLANG_WARN_BOOL_CONVERSION = YES;
				CLANG_WARN_COMMA = YES;
				CLANG_WARN_CONSTANT_CONVERSION = YES;
				CLANG_WARN_DEPRECATED_OBJC_IMPLEMENTATIONS = YES;
				CLANG_WARN_DIRECT_OBJC_ISA_USAGE = YES_ERROR;
				CLANG_WARN_DOCUMENTATION_COMMENTS = YES;
				CLANG_WARN_EMPTY_BODY = YES;
				CLANG_WARN_ENUM_CONVERSION = YES;
				CLANG_WARN_INFINITE_RECURSION = YES;
				CLANG_WARN_INT_CONVERSION = YES;
				CLANG_WARN_NON_LITERAL_NULL_CONVERSION = YES;
				CLANG_WARN_OBJC_IMPLICIT_RETAIN_SELF = YES;
				CLANG_WARN_OBJC_LITERAL_CONVERSION = YES;
				CLANG_WARN_OBJC_ROOT_CLASS = YES_ERROR;
				CLANG_WARN_QUOTED_INCLUDE_IN_FRAMEWORK_HEADER = YES;
				CLANG_WARN_RANGE_LOOP_ANALYSIS = YES;
				CLANG_WARN_STRICT_PROTOTYPES = YES;
				CLANG_WARN_SUSPICIOUS_MOVE = YES;
				CLANG_WARN_UNGUARDED_AVAILABILITY = YES_AGGRESSIVE;
				CLANG_WARN_UNREACHABLE_CODE = YES;
				CLANG_WARN__DUPLICATE_METHOD_MATCH = YES;
				COPY_PHASE_STRIP = NO;
				DEBUG_INFORMATION_FORMAT = "dwarf-with-dsym";
				ENABLE_NS_ASSERTIONS = NO;
				ENABLE_STRICT_OBJC_MSGSEND = YES;
				GCC_C_LANGUAGE_STANDARD = gnu11;
				GCC_NO_COMMON_BLOCKS = YES;
				GCC_WARN_64_TO_32_BIT_CONVERSION = YES;
				GCC_WARN_ABOUT_RETURN_TYPE = YES_ERROR;
				GCC_WARN_UNDECLARED_SELECTOR = YES;
				GCC_WARN_UNINITIALIZED_AUTOS = YES_AGGRESSIVE;
				GCC_WARN_UNUSED_FUNCTION = YES;
				GCC_WARN_UNUSED_VARIABLE = YES;
				IPHONEOS_DEPLOYMENT_TARGET = 13.2;
				MTL_ENABLE_DEBUG_INFO = NO;
				MTL_FAST_MATH = YES;
				SDKROOT = iphoneos;
				SWIFT_COMPILATION_MODE = wholemodule;
				SWIFT_OPTIMIZATION_LEVEL = "-O";
				VALIDATE_PRODUCT = YES;
			};
			name = Release;
		};
		18D231F224CCEF9400344EAA /* Debug */ = {
			isa = XCBuildConfiguration;
			baseConfigurationReference = E7330043DEF034FBB74CCCB0 /* Pods-beatstreet.debug.xcconfig */;
			buildSettings = {
				ASSETCATALOG_COMPILER_APPICON_NAME = AppIcon;
				CODE_SIGN_STYLE = Automatic;
				DEVELOPMENT_TEAM = L9727UJJUS;
				INFOPLIST_FILE = "$(SRCROOT)/beatstreet 1.0/Info.plist";
				LD_RUNPATH_SEARCH_PATHS = (
					"$(inherited)",
					"@executable_path/Frameworks",
				);
				PRODUCT_BUNDLE_IDENTIFIER = com.nlampa.beatstreet;
				PRODUCT_NAME = "$(TARGET_NAME)";
				SWIFT_VERSION = 5.0;
				TARGETED_DEVICE_FAMILY = "1,2";
			};
			name = Debug;
		};
		18D231F324CCEF9400344EAA /* Release */ = {
			isa = XCBuildConfiguration;
			baseConfigurationReference = 1229546A667ABE4B6FBBFD06 /* Pods-beatstreet.release.xcconfig */;
			buildSettings = {
				ASSETCATALOG_COMPILER_APPICON_NAME = AppIcon;
				CODE_SIGN_STYLE = Automatic;
				DEVELOPMENT_TEAM = L9727UJJUS;
				INFOPLIST_FILE = "$(SRCROOT)/beatstreet 1.0/Info.plist";
				LD_RUNPATH_SEARCH_PATHS = (
					"$(inherited)",
					"@executable_path/Frameworks",
				);
				PRODUCT_BUNDLE_IDENTIFIER = com.nlampa.beatstreet;
				PRODUCT_NAME = "$(TARGET_NAME)";
				SWIFT_VERSION = 5.0;
				TARGETED_DEVICE_FAMILY = "1,2";
			};
			name = Release;
		};
/* End XCBuildConfiguration section */

/* Begin XCConfigurationList section */
		18D231C224CCEF9200344EAA /* Build configuration list for PBXProject "beatstreet" */ = {
			isa = XCConfigurationList;
			buildConfigurations = (
				18D231EF24CCEF9400344EAA /* Debug */,
				18D231F024CCEF9400344EAA /* Release */,
			);
			defaultConfigurationIsVisible = 0;
			defaultConfigurationName = Release;
		};
		18D231F124CCEF9400344EAA /* Build configuration list for PBXNativeTarget "beatstreet" */ = {
			isa = XCConfigurationList;
			buildConfigurations = (
				18D231F224CCEF9400344EAA /* Debug */,
				18D231F324CCEF9400344EAA /* Release */,
			);
			defaultConfigurationIsVisible = 0;
			defaultConfigurationName = Release;
		};
/* End XCConfigurationList section */
	};
	rootObject = 18D231BF24CCEF9200344EAA /* Project object */;
}
