// !$*UTF8*$!
{
	archiveVersion = 1;
	classes = {
	};
	objectVersion = 50;
	objects = {

/* Begin PBXBuildFile section */
		05708FAD24D0C0B9007D452E /* GoogleService-Info.plist in Resources */ = {isa = PBXBuildFile; fileRef = 05708FAC24D0C0B9007D452E /* GoogleService-Info.plist */; };
		18D231CB24CCEF9200344EAA /* AppDelegate.swift in Sources */ = {isa = PBXBuildFile; fileRef = 18D231CA24CCEF9200344EAA /* AppDelegate.swift */; };
		18D231CD24CCEF9200344EAA /* SceneDelegate.swift in Sources */ = {isa = PBXBuildFile; fileRef = 18D231CC24CCEF9200344EAA /* SceneDelegate.swift */; };
		18D231CF24CCEF9200344EAA /* ViewController.swift in Sources */ = {isa = PBXBuildFile; fileRef = 18D231CE24CCEF9200344EAA /* ViewController.swift */; };
		18D231D224CCEF9200344EAA /* Main.storyboard in Resources */ = {isa = PBXBuildFile; fileRef = 18D231D024CCEF9200344EAA /* Main.storyboard */; };
		18D231D424CCEF9400344EAA /* Assets.xcassets in Resources */ = {isa = PBXBuildFile; fileRef = 18D231D324CCEF9400344EAA /* Assets.xcassets */; };
		18D231D724CCEF9400344EAA /* LaunchScreen.storyboard in Resources */ = {isa = PBXBuildFile; fileRef = 18D231D524CCEF9400344EAA /* LaunchScreen.storyboard */; };
		18D231E224CCEF9400344EAA /* Beat_Road_1_0Tests.swift in Sources */ = {isa = PBXBuildFile; fileRef = 18D231E124CCEF9400344EAA /* Beat_Road_1_0Tests.swift */; };
		18D231ED24CCEF9400344EAA /* Beat_Road_1_0UITests.swift in Sources */ = {isa = PBXBuildFile; fileRef = 18D231EC24CCEF9400344EAA /* Beat_Road_1_0UITests.swift */; };
		51C0B127C00EB3CD5E2F7964 /* Pods_Beat_Road_1_0Tests.framework in Frameworks */ = {isa = PBXBuildFile; fileRef = 77522974F6B8D11417BB9C29 /* Pods_Beat_Road_1_0Tests.framework */; };
		6F3BF018E250A50699E77E53 /* Pods_Beat_Road_1_0_Beat_Road_1_0UITests.framework in Frameworks */ = {isa = PBXBuildFile; fileRef = 94D73787062CBA10C850EF23 /* Pods_Beat_Road_1_0_Beat_Road_1_0UITests.framework */; };
		E37914D8038EDB4EEA6B2328 /* Pods_Beat_Road_1_0.framework in Frameworks */ = {isa = PBXBuildFile; fileRef = 54EA62ADEB518ECADF59B679 /* Pods_Beat_Road_1_0.framework */; };
/* End PBXBuildFile section */

/* Begin PBXContainerItemProxy section */
		18D231DE24CCEF9400344EAA /* PBXContainerItemProxy */ = {
			isa = PBXContainerItemProxy;
			containerPortal = 18D231BF24CCEF9200344EAA /* Project object */;
			proxyType = 1;
			remoteGlobalIDString = 18D231C624CCEF9200344EAA;
			remoteInfo = "Beat Road 1.0";
		};
		18D231E924CCEF9400344EAA /* PBXContainerItemProxy */ = {
			isa = PBXContainerItemProxy;
			containerPortal = 18D231BF24CCEF9200344EAA /* Project object */;
			proxyType = 1;
			remoteGlobalIDString = 18D231C624CCEF9200344EAA;
			remoteInfo = "Beat Road 1.0";
		};
/* End PBXContainerItemProxy section */

/* Begin PBXFileReference section */
		05708FAC24D0C0B9007D452E /* GoogleService-Info.plist */ = {isa = PBXFileReference; fileEncoding = 4; lastKnownFileType = text.plist.xml; path = "GoogleService-Info.plist"; sourceTree = "<group>"; };
		13F167143584A5FC9240CDB9 /* Pods-Beat Road 1.0Tests.debug.xcconfig */ = {isa = PBXFileReference; includeInIndex = 1; lastKnownFileType = text.xcconfig; name = "Pods-Beat Road 1.0Tests.debug.xcconfig"; path = "Target Support Files/Pods-Beat Road 1.0Tests/Pods-Beat Road 1.0Tests.debug.xcconfig"; sourceTree = "<group>"; };
		18D231C724CCEF9200344EAA /* Beat Road 1.0.app */ = {isa = PBXFileReference; explicitFileType = wrapper.application; includeInIndex = 0; path = "Beat Road 1.0.app"; sourceTree = BUILT_PRODUCTS_DIR; };
		18D231CA24CCEF9200344EAA /* AppDelegate.swift */ = {isa = PBXFileReference; lastKnownFileType = sourcecode.swift; path = AppDelegate.swift; sourceTree = "<group>"; };
		18D231CC24CCEF9200344EAA /* SceneDelegate.swift */ = {isa = PBXFileReference; lastKnownFileType = sourcecode.swift; path = SceneDelegate.swift; sourceTree = "<group>"; };
		18D231CE24CCEF9200344EAA /* ViewController.swift */ = {isa = PBXFileReference; lastKnownFileType = sourcecode.swift; path = ViewController.swift; sourceTree = "<group>"; };
		18D231D124CCEF9200344EAA /* Base */ = {isa = PBXFileReference; lastKnownFileType = file.storyboard; name = Base; path = Base.lproj/Main.storyboard; sourceTree = "<group>"; };
		18D231D324CCEF9400344EAA /* Assets.xcassets */ = {isa = PBXFileReference; lastKnownFileType = folder.assetcatalog; path = Assets.xcassets; sourceTree = "<group>"; };
		18D231D624CCEF9400344EAA /* Base */ = {isa = PBXFileReference; lastKnownFileType = file.storyboard; name = Base; path = Base.lproj/LaunchScreen.storyboard; sourceTree = "<group>"; };
		18D231D824CCEF9400344EAA /* Info.plist */ = {isa = PBXFileReference; lastKnownFileType = text.plist.xml; path = Info.plist; sourceTree = "<group>"; };
		18D231DD24CCEF9400344EAA /* Beat Road 1.0Tests.xctest */ = {isa = PBXFileReference; explicitFileType = wrapper.cfbundle; includeInIndex = 0; path = "Beat Road 1.0Tests.xctest"; sourceTree = BUILT_PRODUCTS_DIR; };
		18D231E124CCEF9400344EAA /* Beat_Road_1_0Tests.swift */ = {isa = PBXFileReference; lastKnownFileType = sourcecode.swift; path = Beat_Road_1_0Tests.swift; sourceTree = "<group>"; };
		18D231E324CCEF9400344EAA /* Info.plist */ = {isa = PBXFileReference; lastKnownFileType = text.plist.xml; path = Info.plist; sourceTree = "<group>"; };
		18D231E824CCEF9400344EAA /* Beat Road 1.0UITests.xctest */ = {isa = PBXFileReference; explicitFileType = wrapper.cfbundle; includeInIndex = 0; path = "Beat Road 1.0UITests.xctest"; sourceTree = BUILT_PRODUCTS_DIR; };
		18D231EC24CCEF9400344EAA /* Beat_Road_1_0UITests.swift */ = {isa = PBXFileReference; lastKnownFileType = sourcecode.swift; path = Beat_Road_1_0UITests.swift; sourceTree = "<group>"; };
		18D231EE24CCEF9400344EAA /* Info.plist */ = {isa = PBXFileReference; lastKnownFileType = text.plist.xml; path = Info.plist; sourceTree = "<group>"; };
		54EA62ADEB518ECADF59B679 /* Pods_Beat_Road_1_0.framework */ = {isa = PBXFileReference; explicitFileType = wrapper.framework; includeInIndex = 0; path = Pods_Beat_Road_1_0.framework; sourceTree = BUILT_PRODUCTS_DIR; };
		5E322E0C6BFE2E05951E3443 /* Pods-Beat Road 1.0-Beat Road 1.0UITests.debug.xcconfig */ = {isa = PBXFileReference; includeInIndex = 1; lastKnownFileType = text.xcconfig; name = "Pods-Beat Road 1.0-Beat Road 1.0UITests.debug.xcconfig"; path = "Target Support Files/Pods-Beat Road 1.0-Beat Road 1.0UITests/Pods-Beat Road 1.0-Beat Road 1.0UITests.debug.xcconfig"; sourceTree = "<group>"; };
		6346F34EE240014CE42FFEAB /* Pods-Beat Road 1.0.debug.xcconfig */ = {isa = PBXFileReference; includeInIndex = 1; lastKnownFileType = text.xcconfig; name = "Pods-Beat Road 1.0.debug.xcconfig"; path = "Target Support Files/Pods-Beat Road 1.0/Pods-Beat Road 1.0.debug.xcconfig"; sourceTree = "<group>"; };
		66710AC371BF1C6FE4CFFC4D /* Pods-Beat Road 1.0.release.xcconfig */ = {isa = PBXFileReference; includeInIndex = 1; lastKnownFileType = text.xcconfig; name = "Pods-Beat Road 1.0.release.xcconfig"; path = "Target Support Files/Pods-Beat Road 1.0/Pods-Beat Road 1.0.release.xcconfig"; sourceTree = "<group>"; };
		77522974F6B8D11417BB9C29 /* Pods_Beat_Road_1_0Tests.framework */ = {isa = PBXFileReference; explicitFileType = wrapper.framework; includeInIndex = 0; path = Pods_Beat_Road_1_0Tests.framework; sourceTree = BUILT_PRODUCTS_DIR; };
		94D73787062CBA10C850EF23 /* Pods_Beat_Road_1_0_Beat_Road_1_0UITests.framework */ = {isa = PBXFileReference; explicitFileType = wrapper.framework; includeInIndex = 0; path = Pods_Beat_Road_1_0_Beat_Road_1_0UITests.framework; sourceTree = BUILT_PRODUCTS_DIR; };
		C708A87CFD4C91F3D0044AC5 /* Pods-Beat Road 1.0Tests.release.xcconfig */ = {isa = PBXFileReference; includeInIndex = 1; lastKnownFileType = text.xcconfig; name = "Pods-Beat Road 1.0Tests.release.xcconfig"; path = "Target Support Files/Pods-Beat Road 1.0Tests/Pods-Beat Road 1.0Tests.release.xcconfig"; sourceTree = "<group>"; };
		E65950B34FF1AF7EB4FAAE38 /* Pods-Beat Road 1.0-Beat Road 1.0UITests.release.xcconfig */ = {isa = PBXFileReference; includeInIndex = 1; lastKnownFileType = text.xcconfig; name = "Pods-Beat Road 1.0-Beat Road 1.0UITests.release.xcconfig"; path = "Target Support Files/Pods-Beat Road 1.0-Beat Road 1.0UITests/Pods-Beat Road 1.0-Beat Road 1.0UITests.release.xcconfig"; sourceTree = "<group>"; };
/* End PBXFileReference section */

/* Begin PBXFrameworksBuildPhase section */
		18D231C424CCEF9200344EAA /* Frameworks */ = {
			isa = PBXFrameworksBuildPhase;
			buildActionMask = 2147483647;
			files = (
				E37914D8038EDB4EEA6B2328 /* Pods_Beat_Road_1_0.framework in Frameworks */,
			);
			runOnlyForDeploymentPostprocessing = 0;
		};
		18D231DA24CCEF9400344EAA /* Frameworks */ = {
			isa = PBXFrameworksBuildPhase;
			buildActionMask = 2147483647;
			files = (
				51C0B127C00EB3CD5E2F7964 /* Pods_Beat_Road_1_0Tests.framework in Frameworks */,
			);
			runOnlyForDeploymentPostprocessing = 0;
		};
		18D231E524CCEF9400344EAA /* Frameworks */ = {
			isa = PBXFrameworksBuildPhase;
			buildActionMask = 2147483647;
			files = (
				6F3BF018E250A50699E77E53 /* Pods_Beat_Road_1_0_Beat_Road_1_0UITests.framework in Frameworks */,
			);
			runOnlyForDeploymentPostprocessing = 0;
		};
/* End PBXFrameworksBuildPhase section */

/* Begin PBXGroup section */
		18D231BE24CCEF9200344EAA = {
			isa = PBXGroup;
			children = (
				18D231C924CCEF9200344EAA /* Beat Road 1.0 */,
				18D231E024CCEF9400344EAA /* Beat Road 1.0Tests */,
				18D231EB24CCEF9400344EAA /* Beat Road 1.0UITests */,
				18D231C824CCEF9200344EAA /* Products */,
				80D32E80CFF3D6BE889EA53A /* Pods */,
				F040BC9E20B1E2E70B7D3D5C /* Frameworks */,
			);
			sourceTree = "<group>";
		};
		18D231C824CCEF9200344EAA /* Products */ = {
			isa = PBXGroup;
			children = (
				18D231C724CCEF9200344EAA /* Beat Road 1.0.app */,
				18D231DD24CCEF9400344EAA /* Beat Road 1.0Tests.xctest */,
				18D231E824CCEF9400344EAA /* Beat Road 1.0UITests.xctest */,
			);
			name = Products;
			sourceTree = "<group>";
		};
		18D231C924CCEF9200344EAA /* Beat Road 1.0 */ = {
			isa = PBXGroup;
			children = (
				18D231CA24CCEF9200344EAA /* AppDelegate.swift */,
				18D231CC24CCEF9200344EAA /* SceneDelegate.swift */,
				18D231CE24CCEF9200344EAA /* ViewController.swift */,
				18D231D024CCEF9200344EAA /* Main.storyboard */,
				18D231D324CCEF9400344EAA /* Assets.xcassets */,
				18D231D524CCEF9400344EAA /* LaunchScreen.storyboard */,
				05708FAC24D0C0B9007D452E /* GoogleService-Info.plist */,
				18D231D824CCEF9400344EAA /* Info.plist */,
			);
			path = "Beat Road 1.0";
			sourceTree = "<group>";
		};
		18D231E024CCEF9400344EAA /* Beat Road 1.0Tests */ = {
			isa = PBXGroup;
			children = (
				18D231E124CCEF9400344EAA /* Beat_Road_1_0Tests.swift */,
				18D231E324CCEF9400344EAA /* Info.plist */,
			);
			path = "Beat Road 1.0Tests";
			sourceTree = "<group>";
		};
		18D231EB24CCEF9400344EAA /* Beat Road 1.0UITests */ = {
			isa = PBXGroup;
			children = (
				18D231EC24CCEF9400344EAA /* Beat_Road_1_0UITests.swift */,
				18D231EE24CCEF9400344EAA /* Info.plist */,
			);
			path = "Beat Road 1.0UITests";
			sourceTree = "<group>";
		};
		80D32E80CFF3D6BE889EA53A /* Pods */ = {
			isa = PBXGroup;
			children = (
				6346F34EE240014CE42FFEAB /* Pods-Beat Road 1.0.debug.xcconfig */,
				66710AC371BF1C6FE4CFFC4D /* Pods-Beat Road 1.0.release.xcconfig */,
				5E322E0C6BFE2E05951E3443 /* Pods-Beat Road 1.0-Beat Road 1.0UITests.debug.xcconfig */,
				E65950B34FF1AF7EB4FAAE38 /* Pods-Beat Road 1.0-Beat Road 1.0UITests.release.xcconfig */,
				13F167143584A5FC9240CDB9 /* Pods-Beat Road 1.0Tests.debug.xcconfig */,
				C708A87CFD4C91F3D0044AC5 /* Pods-Beat Road 1.0Tests.release.xcconfig */,
			);
			name = Pods;
			path = Pods;
			sourceTree = "<group>";
		};
		F040BC9E20B1E2E70B7D3D5C /* Frameworks */ = {
			isa = PBXGroup;
			children = (
				54EA62ADEB518ECADF59B679 /* Pods_Beat_Road_1_0.framework */,
				94D73787062CBA10C850EF23 /* Pods_Beat_Road_1_0_Beat_Road_1_0UITests.framework */,
				77522974F6B8D11417BB9C29 /* Pods_Beat_Road_1_0Tests.framework */,
			);
			name = Frameworks;
			sourceTree = "<group>";
		};
/* End PBXGroup section */

/* Begin PBXNativeTarget section */
		18D231C624CCEF9200344EAA /* Beat Road 1.0 */ = {
			isa = PBXNativeTarget;
			buildConfigurationList = 18D231F124CCEF9400344EAA /* Build configuration list for PBXNativeTarget "Beat Road 1.0" */;
			buildPhases = (
				C66E0EC3C2A9D9D6E7D562CF /* [CP] Check Pods Manifest.lock */,
				18D231C324CCEF9200344EAA /* Sources */,
				18D231C424CCEF9200344EAA /* Frameworks */,
				18D231C524CCEF9200344EAA /* Resources */,
				2DA65274279A1992B55C63AE /* [CP] Embed Pods Frameworks */,
			);
			buildRules = (
			);
			dependencies = (
			);
			name = "Beat Road 1.0";
			productName = "Beat Road 1.0";
			productReference = 18D231C724CCEF9200344EAA /* Beat Road 1.0.app */;
			productType = "com.apple.product-type.application";
		};
		18D231DC24CCEF9400344EAA /* Beat Road 1.0Tests */ = {
			isa = PBXNativeTarget;
			buildConfigurationList = 18D231F424CCEF9400344EAA /* Build configuration list for PBXNativeTarget "Beat Road 1.0Tests" */;
			buildPhases = (
				88C8AFC4DCB87A2B9F9A43F4 /* [CP] Check Pods Manifest.lock */,
				18D231D924CCEF9400344EAA /* Sources */,
				18D231DA24CCEF9400344EAA /* Frameworks */,
				18D231DB24CCEF9400344EAA /* Resources */,
			);
			buildRules = (
			);
			dependencies = (
				18D231DF24CCEF9400344EAA /* PBXTargetDependency */,
			);
			name = "Beat Road 1.0Tests";
			productName = "Beat Road 1.0Tests";
			productReference = 18D231DD24CCEF9400344EAA /* Beat Road 1.0Tests.xctest */;
			productType = "com.apple.product-type.bundle.unit-test";
		};
		18D231E724CCEF9400344EAA /* Beat Road 1.0UITests */ = {
			isa = PBXNativeTarget;
			buildConfigurationList = 18D231F724CCEF9400344EAA /* Build configuration list for PBXNativeTarget "Beat Road 1.0UITests" */;
			buildPhases = (
				2F30136B97A702630264FC8E /* [CP] Check Pods Manifest.lock */,
				18D231E424CCEF9400344EAA /* Sources */,
				18D231E524CCEF9400344EAA /* Frameworks */,
				18D231E624CCEF9400344EAA /* Resources */,
				3C8C2B3E2089AE04910C63DC /* [CP] Embed Pods Frameworks */,
			);
			buildRules = (
			);
			dependencies = (
				18D231EA24CCEF9400344EAA /* PBXTargetDependency */,
			);
			name = "Beat Road 1.0UITests";
			productName = "Beat Road 1.0UITests";
			productReference = 18D231E824CCEF9400344EAA /* Beat Road 1.0UITests.xctest */;
			productType = "com.apple.product-type.bundle.ui-testing";
		};
/* End PBXNativeTarget section */

/* Begin PBXProject section */
		18D231BF24CCEF9200344EAA /* Project object */ = {
			isa = PBXProject;
			attributes = {
				LastSwiftUpdateCheck = 1130;
				LastUpgradeCheck = 1130;
				ORGANIZATIONNAME = "Jorge Angel";
				TargetAttributes = {
					18D231C624CCEF9200344EAA = {
						CreatedOnToolsVersion = 11.3.1;
					};
					18D231DC24CCEF9400344EAA = {
						CreatedOnToolsVersion = 11.3.1;
						TestTargetID = 18D231C624CCEF9200344EAA;
					};
					18D231E724CCEF9400344EAA = {
						CreatedOnToolsVersion = 11.3.1;
						TestTargetID = 18D231C624CCEF9200344EAA;
					};
				};
			};
			buildConfigurationList = 18D231C224CCEF9200344EAA /* Build configuration list for PBXProject "Beat Road 1.0" */;
			compatibilityVersion = "Xcode 9.3";
			developmentRegion = en;
			hasScannedForEncodings = 0;
			knownRegions = (
				en,
				Base,
			);
			mainGroup = 18D231BE24CCEF9200344EAA;
			productRefGroup = 18D231C824CCEF9200344EAA /* Products */;
			projectDirPath = "";
			projectRoot = "";
			targets = (
				18D231C624CCEF9200344EAA /* Beat Road 1.0 */,
				18D231DC24CCEF9400344EAA /* Beat Road 1.0Tests */,
				18D231E724CCEF9400344EAA /* Beat Road 1.0UITests */,
			);
		};
/* End PBXProject section */

/* Begin PBXResourcesBuildPhase section */
		18D231C524CCEF9200344EAA /* Resources */ = {
			isa = PBXResourcesBuildPhase;
			buildActionMask = 2147483647;
			files = (
				18D231D724CCEF9400344EAA /* LaunchScreen.storyboard in Resources */,
				05708FAD24D0C0B9007D452E /* GoogleService-Info.plist in Resources */,
				18D231D424CCEF9400344EAA /* Assets.xcassets in Resources */,
				18D231D224CCEF9200344EAA /* Main.storyboard in Resources */,
			);
			runOnlyForDeploymentPostprocessing = 0;
		};
		18D231DB24CCEF9400344EAA /* Resources */ = {
			isa = PBXResourcesBuildPhase;
			buildActionMask = 2147483647;
			files = (
			);
			runOnlyForDeploymentPostprocessing = 0;
		};
		18D231E624CCEF9400344EAA /* Resources */ = {
			isa = PBXResourcesBuildPhase;
			buildActionMask = 2147483647;
			files = (
			);
			runOnlyForDeploymentPostprocessing = 0;
		};
/* End PBXResourcesBuildPhase section */

/* Begin PBXShellScriptBuildPhase section */
		2DA65274279A1992B55C63AE /* [CP] Embed Pods Frameworks */ = {
			isa = PBXShellScriptBuildPhase;
			buildActionMask = 2147483647;
			files = (
			);
			inputFileListPaths = (
				"${PODS_ROOT}/Target Support Files/Pods-Beat Road 1.0/Pods-Beat Road 1.0-frameworks-${CONFIGURATION}-input-files.xcfilelist",
			);
			name = "[CP] Embed Pods Frameworks";
			outputFileListPaths = (
				"${PODS_ROOT}/Target Support Files/Pods-Beat Road 1.0/Pods-Beat Road 1.0-frameworks-${CONFIGURATION}-output-files.xcfilelist",
			);
			runOnlyForDeploymentPostprocessing = 0;
			shellPath = /bin/sh;
			shellScript = "\"${PODS_ROOT}/Target Support Files/Pods-Beat Road 1.0/Pods-Beat Road 1.0-frameworks.sh\"\n";
			showEnvVarsInLog = 0;
		};
		2F30136B97A702630264FC8E /* [CP] Check Pods Manifest.lock */ = {
			isa = PBXShellScriptBuildPhase;
			buildActionMask = 2147483647;
			files = (
			);
			inputFileListPaths = (
			);
			inputPaths = (
				"${PODS_PODFILE_DIR_PATH}/Podfile.lock",
				"${PODS_ROOT}/Manifest.lock",
			);
			name = "[CP] Check Pods Manifest.lock";
			outputFileListPaths = (
			);
			outputPaths = (
				"$(DERIVED_FILE_DIR)/Pods-Beat Road 1.0-Beat Road 1.0UITests-checkManifestLockResult.txt",
			);
			runOnlyForDeploymentPostprocessing = 0;
			shellPath = /bin/sh;
			shellScript = "diff \"${PODS_PODFILE_DIR_PATH}/Podfile.lock\" \"${PODS_ROOT}/Manifest.lock\" > /dev/null\nif [ $? != 0 ] ; then\n    # print error to STDERR\n    echo \"error: The sandbox is not in sync with the Podfile.lock. Run 'pod install' or update your CocoaPods installation.\" >&2\n    exit 1\nfi\n# This output is used by Xcode 'outputs' to avoid re-running this script phase.\necho \"SUCCESS\" > \"${SCRIPT_OUTPUT_FILE_0}\"\n";
			showEnvVarsInLog = 0;
		};
		3C8C2B3E2089AE04910C63DC /* [CP] Embed Pods Frameworks */ = {
			isa = PBXShellScriptBuildPhase;
			buildActionMask = 2147483647;
			files = (
			);
			inputFileListPaths = (
				"${PODS_ROOT}/Target Support Files/Pods-Beat Road 1.0-Beat Road 1.0UITests/Pods-Beat Road 1.0-Beat Road 1.0UITests-frameworks-${CONFIGURATION}-input-files.xcfilelist",
			);
			name = "[CP] Embed Pods Frameworks";
			outputFileListPaths = (
				"${PODS_ROOT}/Target Support Files/Pods-Beat Road 1.0-Beat Road 1.0UITests/Pods-Beat Road 1.0-Beat Road 1.0UITests-frameworks-${CONFIGURATION}-output-files.xcfilelist",
			);
			runOnlyForDeploymentPostprocessing = 0;
			shellPath = /bin/sh;
			shellScript = "\"${PODS_ROOT}/Target Support Files/Pods-Beat Road 1.0-Beat Road 1.0UITests/Pods-Beat Road 1.0-Beat Road 1.0UITests-frameworks.sh\"\n";
			showEnvVarsInLog = 0;
		};
		88C8AFC4DCB87A2B9F9A43F4 /* [CP] Check Pods Manifest.lock */ = {
			isa = PBXShellScriptBuildPhase;
			buildActionMask = 2147483647;
			files = (
			);
			inputFileListPaths = (
			);
			inputPaths = (
				"${PODS_PODFILE_DIR_PATH}/Podfile.lock",
				"${PODS_ROOT}/Manifest.lock",
			);
			name = "[CP] Check Pods Manifest.lock";
			outputFileListPaths = (
			);
			outputPaths = (
				"$(DERIVED_FILE_DIR)/Pods-Beat Road 1.0Tests-checkManifestLockResult.txt",
			);
			runOnlyForDeploymentPostprocessing = 0;
			shellPath = /bin/sh;
			shellScript = "diff \"${PODS_PODFILE_DIR_PATH}/Podfile.lock\" \"${PODS_ROOT}/Manifest.lock\" > /dev/null\nif [ $? != 0 ] ; then\n    # print error to STDERR\n    echo \"error: The sandbox is not in sync with the Podfile.lock. Run 'pod install' or update your CocoaPods installation.\" >&2\n    exit 1\nfi\n# This output is used by Xcode 'outputs' to avoid re-running this script phase.\necho \"SUCCESS\" > \"${SCRIPT_OUTPUT_FILE_0}\"\n";
			showEnvVarsInLog = 0;
		};
		C66E0EC3C2A9D9D6E7D562CF /* [CP] Check Pods Manifest.lock */ = {
			isa = PBXShellScriptBuildPhase;
			buildActionMask = 2147483647;
			files = (
			);
			inputFileListPaths = (
			);
			inputPaths = (
				"${PODS_PODFILE_DIR_PATH}/Podfile.lock",
				"${PODS_ROOT}/Manifest.lock",
			);
			name = "[CP] Check Pods Manifest.lock";
			outputFileListPaths = (
			);
			outputPaths = (
				"$(DERIVED_FILE_DIR)/Pods-Beat Road 1.0-checkManifestLockResult.txt",
			);
			runOnlyForDeploymentPostprocessing = 0;
			shellPath = /bin/sh;
			shellScript = "diff \"${PODS_PODFILE_DIR_PATH}/Podfile.lock\" \"${PODS_ROOT}/Manifest.lock\" > /dev/null\nif [ $? != 0 ] ; then\n    # print error to STDERR\n    echo \"error: The sandbox is not in sync with the Podfile.lock. Run 'pod install' or update your CocoaPods installation.\" >&2\n    exit 1\nfi\n# This output is used by Xcode 'outputs' to avoid re-running this script phase.\necho \"SUCCESS\" > \"${SCRIPT_OUTPUT_FILE_0}\"\n";
			showEnvVarsInLog = 0;
		};
/* End PBXShellScriptBuildPhase section */

/* Begin PBXSourcesBuildPhase section */
		18D231C324CCEF9200344EAA /* Sources */ = {
			isa = PBXSourcesBuildPhase;
			buildActionMask = 2147483647;
			files = (
				18D231CF24CCEF9200344EAA /* ViewController.swift in Sources */,
				18D231CB24CCEF9200344EAA /* AppDelegate.swift in Sources */,
				18D231CD24CCEF9200344EAA /* SceneDelegate.swift in Sources */,
			);
			runOnlyForDeploymentPostprocessing = 0;
		};
		18D231D924CCEF9400344EAA /* Sources */ = {
			isa = PBXSourcesBuildPhase;
			buildActionMask = 2147483647;
			files = (
				18D231E224CCEF9400344EAA /* Beat_Road_1_0Tests.swift in Sources */,
			);
			runOnlyForDeploymentPostprocessing = 0;
		};
		18D231E424CCEF9400344EAA /* Sources */ = {
			isa = PBXSourcesBuildPhase;
			buildActionMask = 2147483647;
			files = (
				18D231ED24CCEF9400344EAA /* Beat_Road_1_0UITests.swift in Sources */,
			);
			runOnlyForDeploymentPostprocessing = 0;
		};
/* End PBXSourcesBuildPhase section */

/* Begin PBXTargetDependency section */
		18D231DF24CCEF9400344EAA /* PBXTargetDependency */ = {
			isa = PBXTargetDependency;
			target = 18D231C624CCEF9200344EAA /* Beat Road 1.0 */;
			targetProxy = 18D231DE24CCEF9400344EAA /* PBXContainerItemProxy */;
		};
		18D231EA24CCEF9400344EAA /* PBXTargetDependency */ = {
			isa = PBXTargetDependency;
			target = 18D231C624CCEF9200344EAA /* Beat Road 1.0 */;
			targetProxy = 18D231E924CCEF9400344EAA /* PBXContainerItemProxy */;
		};
/* End PBXTargetDependency section */

/* Begin PBXVariantGroup section */
		18D231D024CCEF9200344EAA /* Main.storyboard */ = {
			isa = PBXVariantGroup;
			children = (
				18D231D124CCEF9200344EAA /* Base */,
			);
			name = Main.storyboard;
			sourceTree = "<group>";
		};
		18D231D524CCEF9400344EAA /* LaunchScreen.storyboard */ = {
			isa = PBXVariantGroup;
			children = (
				18D231D624CCEF9400344EAA /* Base */,
			);
			name = LaunchScreen.storyboard;
			sourceTree = "<group>";
		};
/* End PBXVariantGroup section */

/* Begin XCBuildConfiguration section */
		18D231EF24CCEF9400344EAA /* Debug */ = {
			isa = XCBuildConfiguration;
			buildSettings = {
				ALWAYS_SEARCH_USER_PATHS = NO;
				CLANG_ANALYZER_NONNULL = YES;
				CLANG_ANALYZER_NUMBER_OBJECT_CONVERSION = YES_AGGRESSIVE;
				CLANG_CXX_LANGUAGE_STANDARD = "gnu++14";
				CLANG_CXX_LIBRARY = "libc++";
				CLANG_ENABLE_MODULES = YES;
				CLANG_ENABLE_OBJC_ARC = YES;
				CLANG_ENABLE_OBJC_WEAK = YES;
				CLANG_WARN_BLOCK_CAPTURE_AUTORELEASING = YES;
				CLANG_WARN_BOOL_CONVERSION = YES;
				CLANG_WARN_COMMA = YES;
				CLANG_WARN_CONSTANT_CONVERSION = YES;
				CLANG_WARN_DEPRECATED_OBJC_IMPLEMENTATIONS = YES;
				CLANG_WARN_DIRECT_OBJC_ISA_USAGE = YES_ERROR;
				CLANG_WARN_DOCUMENTATION_COMMENTS = YES;
				CLANG_WARN_EMPTY_BODY = YES;
				CLANG_WARN_ENUM_CONVERSION = YES;
				CLANG_WARN_INFINITE_RECURSION = YES;
				CLANG_WARN_INT_CONVERSION = YES;
				CLANG_WARN_NON_LITERAL_NULL_CONVERSION = YES;
				CLANG_WARN_OBJC_IMPLICIT_RETAIN_SELF = YES;
				CLANG_WARN_OBJC_LITERAL_CONVERSION = YES;
				CLANG_WARN_OBJC_ROOT_CLASS = YES_ERROR;
				CLANG_WARN_RANGE_LOOP_ANALYSIS = YES;
				CLANG_WARN_STRICT_PROTOTYPES = YES;
				CLANG_WARN_SUSPICIOUS_MOVE = YES;
				CLANG_WARN_UNGUARDED_AVAILABILITY = YES_AGGRESSIVE;
				CLANG_WARN_UNREACHABLE_CODE = YES;
				CLANG_WARN__DUPLICATE_METHOD_MATCH = YES;
				COPY_PHASE_STRIP = NO;
				DEBUG_INFORMATION_FORMAT = dwarf;
				ENABLE_STRICT_OBJC_MSGSEND = YES;
				ENABLE_TESTABILITY = YES;
				GCC_C_LANGUAGE_STANDARD = gnu11;
				GCC_DYNAMIC_NO_PIC = NO;
				GCC_NO_COMMON_BLOCKS = YES;
				GCC_OPTIMIZATION_LEVEL = 0;
				GCC_PREPROCESSOR_DEFINITIONS = (
					"DEBUG=1",
					"$(inherited)",
				);
				GCC_WARN_64_TO_32_BIT_CONVERSION = YES;
				GCC_WARN_ABOUT_RETURN_TYPE = YES_ERROR;
				GCC_WARN_UNDECLARED_SELECTOR = YES;
				GCC_WARN_UNINITIALIZED_AUTOS = YES_AGGRESSIVE;
				GCC_WARN_UNUSED_FUNCTION = YES;
				GCC_WARN_UNUSED_VARIABLE = YES;
				IPHONEOS_DEPLOYMENT_TARGET = 13.2;
				MTL_ENABLE_DEBUG_INFO = INCLUDE_SOURCE;
				MTL_FAST_MATH = YES;
				ONLY_ACTIVE_ARCH = YES;
				SDKROOT = iphoneos;
				SWIFT_ACTIVE_COMPILATION_CONDITIONS = DEBUG;
				SWIFT_OPTIMIZATION_LEVEL = "-Onone";
			};
			name = Debug;
		};
		18D231F024CCEF9400344EAA /* Release */ = {
			isa = XCBuildConfiguration;
			buildSettings = {
				ALWAYS_SEARCH_USER_PATHS = NO;
				CLANG_ANALYZER_NONNULL = YES;
				CLANG_ANALYZER_NUMBER_OBJECT_CONVERSION = YES_AGGRESSIVE;
				CLANG_CXX_LANGUAGE_STANDARD = "gnu++14";
				CLANG_CXX_LIBRARY = "libc++";
				CLANG_ENABLE_MODULES = YES;
				CLANG_ENABLE_OBJC_ARC = YES;
				CLANG_ENABLE_OBJC_WEAK = YES;
				CLANG_WARN_BLOCK_CAPTURE_AUTORELEASING = YES;
				CLANG_WARN_BOOL_CONVERSION = YES;
				CLANG_WARN_COMMA = YES;
				CLANG_WARN_CONSTANT_CONVERSION = YES;
				CLANG_WARN_DEPRECATED_OBJC_IMPLEMENTATIONS = YES;
				CLANG_WARN_DIRECT_OBJC_ISA_USAGE = YES_ERROR;
				CLANG_WARN_DOCUMENTATION_COMMENTS = YES;
				CLANG_WARN_EMPTY_BODY = YES;
				CLANG_WARN_ENUM_CONVERSION = YES;
				CLANG_WARN_INFINITE_RECURSION = YES;
				CLANG_WARN_INT_CONVERSION = YES;
				CLANG_WARN_NON_LITERAL_NULL_CONVERSION = YES;
				CLANG_WARN_OBJC_IMPLICIT_RETAIN_SELF = YES;
				CLANG_WARN_OBJC_LITERAL_CONVERSION = YES;
				CLANG_WARN_OBJC_ROOT_CLASS = YES_ERROR;
				CLANG_WARN_RANGE_LOOP_ANALYSIS = YES;
				CLANG_WARN_STRICT_PROTOTYPES = YES;
				CLANG_WARN_SUSPICIOUS_MOVE = YES;
				CLANG_WARN_UNGUARDED_AVAILABILITY = YES_AGGRESSIVE;
				CLANG_WARN_UNREACHABLE_CODE = YES;
				CLANG_WARN__DUPLICATE_METHOD_MATCH = YES;
				COPY_PHASE_STRIP = NO;
				DEBUG_INFORMATION_FORMAT = "dwarf-with-dsym";
				ENABLE_NS_ASSERTIONS = NO;
				ENABLE_STRICT_OBJC_MSGSEND = YES;
				GCC_C_LANGUAGE_STANDARD = gnu11;
				GCC_NO_COMMON_BLOCKS = YES;
				GCC_WARN_64_TO_32_BIT_CONVERSION = YES;
				GCC_WARN_ABOUT_RETURN_TYPE = YES_ERROR;
				GCC_WARN_UNDECLARED_SELECTOR = YES;
				GCC_WARN_UNINITIALIZED_AUTOS = YES_AGGRESSIVE;
				GCC_WARN_UNUSED_FUNCTION = YES;
				GCC_WARN_UNUSED_VARIABLE = YES;
				IPHONEOS_DEPLOYMENT_TARGET = 13.2;
				MTL_ENABLE_DEBUG_INFO = NO;
				MTL_FAST_MATH = YES;
				SDKROOT = iphoneos;
				SWIFT_COMPILATION_MODE = wholemodule;
				SWIFT_OPTIMIZATION_LEVEL = "-O";
				VALIDATE_PRODUCT = YES;
			};
			name = Release;
		};
		18D231F224CCEF9400344EAA /* Debug */ = {
			isa = XCBuildConfiguration;
			baseConfigurationReference = 6346F34EE240014CE42FFEAB /* Pods-Beat Road 1.0.debug.xcconfig */;
			buildSettings = {
				ASSETCATALOG_COMPILER_APPICON_NAME = AppIcon;
				CODE_SIGN_STYLE = Automatic;
				INFOPLIST_FILE = "Beat Road 1.0/Info.plist";
				LD_RUNPATH_SEARCH_PATHS = (
					"$(inherited)",
					"@executable_path/Frameworks",
				);
				PRODUCT_BUNDLE_IDENTIFIER = "com.Jorge-Angel.Beat-Road-1-0";
				PRODUCT_NAME = "$(TARGET_NAME)";
				SWIFT_VERSION = 5.0;
				TARGETED_DEVICE_FAMILY = "1,2";
			};
			name = Debug;
		};
		18D231F324CCEF9400344EAA /* Release */ = {
			isa = XCBuildConfiguration;
			baseConfigurationReference = 66710AC371BF1C6FE4CFFC4D /* Pods-Beat Road 1.0.release.xcconfig */;
			buildSettings = {
				ASSETCATALOG_COMPILER_APPICON_NAME = AppIcon;
				CODE_SIGN_STYLE = Automatic;
				INFOPLIST_FILE = "Beat Road 1.0/Info.plist";
				LD_RUNPATH_SEARCH_PATHS = (
					"$(inherited)",
					"@executable_path/Frameworks",
				);
				PRODUCT_BUNDLE_IDENTIFIER = "com.Jorge-Angel.Beat-Road-1-0";
				PRODUCT_NAME = "$(TARGET_NAME)";
				SWIFT_VERSION = 5.0;
				TARGETED_DEVICE_FAMILY = "1,2";
			};
			name = Release;
		};
		18D231F524CCEF9400344EAA /* Debug */ = {
			isa = XCBuildConfiguration;
			baseConfigurationReference = 13F167143584A5FC9240CDB9 /* Pods-Beat Road 1.0Tests.debug.xcconfig */;
			buildSettings = {
				ALWAYS_EMBED_SWIFT_STANDARD_LIBRARIES = YES;
				BUNDLE_LOADER = "$(TEST_HOST)";
				CODE_SIGN_STYLE = Automatic;
				INFOPLIST_FILE = "Beat Road 1.0Tests/Info.plist";
				IPHONEOS_DEPLOYMENT_TARGET = 13.2;
				LD_RUNPATH_SEARCH_PATHS = (
					"$(inherited)",
					"@executable_path/Frameworks",
					"@loader_path/Frameworks",
				);
				PRODUCT_BUNDLE_IDENTIFIER = "com.Jorge-Angel.Beat-Road-1-0Tests";
				PRODUCT_NAME = "$(TARGET_NAME)";
				SWIFT_VERSION = 5.0;
				TARGETED_DEVICE_FAMILY = "1,2";
				TEST_HOST = "$(BUILT_PRODUCTS_DIR)/Beat Road 1.0.app/Beat Road 1.0";
			};
			name = Debug;
		};
		18D231F624CCEF9400344EAA /* Release */ = {
			isa = XCBuildConfiguration;
			baseConfigurationReference = C708A87CFD4C91F3D0044AC5 /* Pods-Beat Road 1.0Tests.release.xcconfig */;
			buildSettings = {
				ALWAYS_EMBED_SWIFT_STANDARD_LIBRARIES = YES;
				BUNDLE_LOADER = "$(TEST_HOST)";
				CODE_SIGN_STYLE = Automatic;
				INFOPLIST_FILE = "Beat Road 1.0Tests/Info.plist";
				IPHONEOS_DEPLOYMENT_TARGET = 13.2;
				LD_RUNPATH_SEARCH_PATHS = (
					"$(inherited)",
					"@executable_path/Frameworks",
					"@loader_path/Frameworks",
				);
				PRODUCT_BUNDLE_IDENTIFIER = "com.Jorge-Angel.Beat-Road-1-0Tests";
				PRODUCT_NAME = "$(TARGET_NAME)";
				SWIFT_VERSION = 5.0;
				TARGETED_DEVICE_FAMILY = "1,2";
				TEST_HOST = "$(BUILT_PRODUCTS_DIR)/Beat Road 1.0.app/Beat Road 1.0";
			};
			name = Release;
		};
		18D231F824CCEF9400344EAA /* Debug */ = {
			isa = XCBuildConfiguration;
			baseConfigurationReference = 5E322E0C6BFE2E05951E3443 /* Pods-Beat Road 1.0-Beat Road 1.0UITests.debug.xcconfig */;
			buildSettings = {
				ALWAYS_EMBED_SWIFT_STANDARD_LIBRARIES = YES;
				CODE_SIGN_STYLE = Automatic;
				INFOPLIST_FILE = "Beat Road 1.0UITests/Info.plist";
				LD_RUNPATH_SEARCH_PATHS = (
					"$(inherited)",
					"@executable_path/Frameworks",
					"@loader_path/Frameworks",
				);
				PRODUCT_BUNDLE_IDENTIFIER = "com.Jorge-Angel.Beat-Road-1-0UITests";
				PRODUCT_NAME = "$(TARGET_NAME)";
				SWIFT_VERSION = 5.0;
				TARGETED_DEVICE_FAMILY = "1,2";
				TEST_TARGET_NAME = "Beat Road 1.0";
			};
			name = Debug;
		};
		18D231F924CCEF9400344EAA /* Release */ = {
			isa = XCBuildConfiguration;
			baseConfigurationReference = E65950B34FF1AF7EB4FAAE38 /* Pods-Beat Road 1.0-Beat Road 1.0UITests.release.xcconfig */;
			buildSettings = {
				ALWAYS_EMBED_SWIFT_STANDARD_LIBRARIES = YES;
				CODE_SIGN_STYLE = Automatic;
				INFOPLIST_FILE = "Beat Road 1.0UITests/Info.plist";
				LD_RUNPATH_SEARCH_PATHS = (
					"$(inherited)",
					"@executable_path/Frameworks",
					"@loader_path/Frameworks",
				);
				PRODUCT_BUNDLE_IDENTIFIER = "com.Jorge-Angel.Beat-Road-1-0UITests";
				PRODUCT_NAME = "$(TARGET_NAME)";
				SWIFT_VERSION = 5.0;
				TARGETED_DEVICE_FAMILY = "1,2";
				TEST_TARGET_NAME = "Beat Road 1.0";
			};
			name = Release;
		};
/* End XCBuildConfiguration section */

/* Begin XCConfigurationList section */
		18D231C224CCEF9200344EAA /* Build configuration list for PBXProject "Beat Road 1.0" */ = {
			isa = XCConfigurationList;
			buildConfigurations = (
				18D231EF24CCEF9400344EAA /* Debug */,
				18D231F024CCEF9400344EAA /* Release */,
			);
			defaultConfigurationIsVisible = 0;
			defaultConfigurationName = Release;
		};
		18D231F124CCEF9400344EAA /* Build configuration list for PBXNativeTarget "Beat Road 1.0" */ = {
			isa = XCConfigurationList;
			buildConfigurations = (
				18D231F224CCEF9400344EAA /* Debug */,
				18D231F324CCEF9400344EAA /* Release */,
			);
			defaultConfigurationIsVisible = 0;
			defaultConfigurationName = Release;
		};
		18D231F424CCEF9400344EAA /* Build configuration list for PBXNativeTarget "Beat Road 1.0Tests" */ = {
			isa = XCConfigurationList;
			buildConfigurations = (
				18D231F524CCEF9400344EAA /* Debug */,
				18D231F624CCEF9400344EAA /* Release */,
			);
			defaultConfigurationIsVisible = 0;
			defaultConfigurationName = Release;
		};
		18D231F724CCEF9400344EAA /* Build configuration list for PBXNativeTarget "Beat Road 1.0UITests" */ = {
			isa = XCConfigurationList;
			buildConfigurations = (
				18D231F824CCEF9400344EAA /* Debug */,
				18D231F924CCEF9400344EAA /* Release */,
			);
			defaultConfigurationIsVisible = 0;
			defaultConfigurationName = Release;
		};
/* End XCConfigurationList section */
	};
	rootObject = 18D231BF24CCEF9200344EAA /* Project object */;
}
